{
  "requires": true,
  "lockfileVersion": 1,
  "dependencies": {
    "@tensorflow/tfjs": {
      "version": "1.5.2",
      "resolved": "https://registry.npm.taobao.org/@tensorflow/tfjs/download/@tensorflow/tfjs-1.5.2.tgz",
      "integrity": "sha1-0evVcwQprpcLZd0ijBAce/HKkN4=",
      "requires": {
        "@tensorflow/tfjs-converter": "1.5.2",
        "@tensorflow/tfjs-core": "1.5.2",
        "@tensorflow/tfjs-data": "1.5.2",
        "@tensorflow/tfjs-layers": "1.5.2"
      }
    },
    "@tensorflow/tfjs-converter": {
      "version": "1.5.2",
      "resolved": "https://registry.npm.taobao.org/@tensorflow/tfjs-converter/download/@tensorflow/tfjs-converter-1.5.2.tgz",
      "integrity": "sha1-7BNz9CExO9xqrEbVV43rWOUJPow="
    },
    "@tensorflow/tfjs-core": {
      "version": "1.5.2",
      "resolved": "https://registry.npm.taobao.org/@tensorflow/tfjs-core/download/@tensorflow/tfjs-core-1.5.2.tgz",
      "integrity": "sha1-33Z1LPfEOYffFUj7aYIJNb2CFdc=",
      "requires": {
        "@types/offscreencanvas": "~2019.3.0",
        "@types/seedrandom": "2.4.27",
        "@types/webgl-ext": "0.0.30",
        "@types/webgl2": "0.0.4",
        "node-fetch": "~2.1.2",
        "seedrandom": "2.4.3"
      }
    },
    "@tensorflow/tfjs-data": {
      "version": "1.5.2",
      "resolved": "https://registry.npm.taobao.org/@tensorflow/tfjs-data/download/@tensorflow/tfjs-data-1.5.2.tgz",
      "integrity": "sha1-BKWF9x42vaPb/+iESiRooK22Pvo=",
      "requires": {
        "@types/node-fetch": "^2.1.2",
        "node-fetch": "~2.1.2"
      }
    },
    "@tensorflow/tfjs-layers": {
      "version": "1.5.2",
      "resolved": "https://registry.npm.taobao.org/@tensorflow/tfjs-layers/download/@tensorflow/tfjs-layers-1.5.2.tgz",
      "integrity": "sha1-jZLooUYve+a27poeUhfqOiH7wfk="
    },
    "@types/node": {
      "version": "13.7.6",
      "resolved": "https://registry.npm.taobao.org/@types/node/download/@types/node-13.7.6.tgz?cache=0&sync_timestamp=1582825727180&other_urls=https%3A%2F%2Fregistry.npm.taobao.org%2F%40types%2Fnode%2Fdownload%2F%40types%2Fnode-13.7.6.tgz",
      "integrity": "sha1-y3NKfBkUcq5qKzpQK03//OqXQRM="
    },
    "@types/node-fetch": {
      "version": "2.5.5",
      "resolved": "https://registry.npm.taobao.org/@types/node-fetch/download/@types/node-fetch-2.5.5.tgz?cache=0&sync_timestamp=1582589926082&other_urls=https%3A%2F%2Fregistry.npm.taobao.org%2F%40types%2Fnode-fetch%2Fdownload%2F%40types%2Fnode-fetch-2.5.5.tgz",
      "integrity": "sha1-zSZOIKgfRgCmxShk045/73JIXpI=",
      "requires": {
        "@types/node": "*",
        "form-data": "^3.0.0"
      }
    },
    "@types/offscreencanvas": {
      "version": "2019.3.0",
      "resolved": "https://registry.npm.taobao.org/@types/offscreencanvas/download/@types/offscreencanvas-2019.3.0.tgz",
      "integrity": "sha1-MzZCjsfpGAz0Vm3+pdoE61hqZVM="
    },
    "@types/seedrandom": {
      "version": "2.4.27",
      "resolved": "https://registry.npm.taobao.org/@types/seedrandom/download/@types/seedrandom-2.4.27.tgz",
      "integrity": "sha1-nbVjk33YaRX2kJK8QyWdL0hXjkE="
    },
    "@types/webgl-ext": {
      "version": "0.0.30",
      "resolved": "https://registry.npm.taobao.org/@types/webgl-ext/download/@types/webgl-ext-0.0.30.tgz",
      "integrity": "sha1-DOSYwWpBoj0VKJ4LhE2UWyXw+50="
    },
    "@types/webgl2": {
      "version": "0.0.4",
      "resolved": "https://registry.npm.taobao.org/@types/webgl2/download/@types/webgl2-0.0.4.tgz",
      "integrity": "sha1-w7D51rRlxmE46E5kyzvfg3PCwnk="
    },
    "ajv": {
      "version": "6.12.0",
      "resolved": "https://registry.npm.taobao.org/ajv/download/ajv-6.12.0.tgz?cache=0&sync_timestamp=1582379551272&other_urls=https%3A%2F%2Fregistry.npm.taobao.org%2Fajv%2Fdownload%2Fajv-6.12.0.tgz",
      "integrity": "sha1-BtYLlth7hFSlrauobnhU2mKdtLc=",
      "requires": {
        "fast-deep-equal": "^3.1.1",
        "fast-json-stable-stringify": "^2.0.0",
        "json-schema-traverse": "^0.4.1",
        "uri-js": "^4.2.2"
      }
    },
    "ansi-regex": {
      "version": "2.1.1",
      "resolved": "https://registry.npm.taobao.org/ansi-regex/download/ansi-regex-2.1.1.tgz",
      "integrity": "sha1-w7M6te42DYbg5ijwRorn7yfWVN8="
    },
    "aproba": {
      "version": "1.2.0",
      "resolved": "https://registry.npm.taobao.org/aproba/download/aproba-1.2.0.tgz",
      "integrity": "sha1-aALmJk79GMeQobDVF/DyYnvyyUo="
    },
    "are-we-there-yet": {
      "version": "1.1.5",
      "resolved": "https://registry.npm.taobao.org/are-we-there-yet/download/are-we-there-yet-1.1.5.tgz",
      "integrity": "sha1-SzXClE8GKov82mZBB2A1D+nd/CE=",
      "requires": {
        "delegates": "^1.0.0",
        "readable-stream": "^2.0.6"
      }
    },
    "asn1": {
      "version": "0.2.4",
      "resolved": "https://registry.npm.taobao.org/asn1/download/asn1-0.2.4.tgz",
      "integrity": "sha1-jSR136tVO7M+d7VOWeiAu4ziMTY=",
      "requires": {
        "safer-buffer": "~2.1.0"
      }
    },
    "assert-plus": {
      "version": "1.0.0",
      "resolved": "https://registry.npm.taobao.org/assert-plus/download/assert-plus-1.0.0.tgz",
      "integrity": "sha1-8S4PPF13sLHN2RRpQuTpbB5N1SU="
    },
    "asynckit": {
      "version": "0.4.0",
      "resolved": "https://registry.npm.taobao.org/asynckit/download/asynckit-0.4.0.tgz",
      "integrity": "sha1-x57Zf380y48robyXkLzDZkdLS3k="
    },
    "aws-sign2": {
      "version": "0.7.0",
      "resolved": "https://registry.npm.taobao.org/aws-sign2/download/aws-sign2-0.7.0.tgz",
      "integrity": "sha1-tG6JCTSpWR8tL2+G1+ap8bP+dqg="
    },
    "aws4": {
      "version": "1.9.1",
      "resolved": "https://registry.npm.taobao.org/aws4/download/aws4-1.9.1.tgz?cache=0&sync_timestamp=1578958301021&other_urls=https%3A%2F%2Fregistry.npm.taobao.org%2Faws4%2Fdownload%2Faws4-1.9.1.tgz",
      "integrity": "sha1-fjPY99RJs/ZzzXLeuavcVS2+Uo4="
    },
    "bcrypt-pbkdf": {
      "version": "1.0.2",
      "resolved": "https://registry.npm.taobao.org/bcrypt-pbkdf/download/bcrypt-pbkdf-1.0.2.tgz",
      "integrity": "sha1-pDAdOJtqQ/m2f/PKEaP2Y342Dp4=",
      "requires": {
        "tweetnacl": "^0.14.3"
      }
    },
    "bl": {
      "version": "3.0.0",
      "resolved": "https://registry.npm.taobao.org/bl/download/bl-3.0.0.tgz",
      "integrity": "sha1-NhHsAFef0YVhdUNgsh6feEUA/4g=",
      "requires": {
        "readable-stream": "^3.0.1"
      },
      "dependencies": {
        "readable-stream": {
          "version": "3.6.0",
          "resolved": "https://registry.npm.taobao.org/readable-stream/download/readable-stream-3.6.0.tgz",
          "integrity": "sha1-M3u9o63AcGvT4CRCaihtS0sskZg=",
          "requires": {
            "inherits": "^2.0.3",
            "string_decoder": "^1.1.1",
            "util-deprecate": "^1.0.1"
          }
        }
      }
    },
    "caseless": {
      "version": "0.12.0",
      "resolved": "https://registry.npm.taobao.org/caseless/download/caseless-0.12.0.tgz",
      "integrity": "sha1-G2gcIf+EAzyCZUMJBolCDRhxUdw="
    },
    "charenc": {
      "version": "0.0.2",
      "resolved": "https://registry.npm.taobao.org/charenc/download/charenc-0.0.2.tgz",
      "integrity": "sha1-wKHS86cJLgN3S/qD8UwPxXkKhmc="
    },
    "chownr": {
      "version": "1.1.4",
      "resolved": "https://registry.npm.taobao.org/chownr/download/chownr-1.1.4.tgz",
      "integrity": "sha1-b8nXtC0ypYNZYzdmbn0ICE2izGs="
    },
    "code-point-at": {
      "version": "1.1.0",
      "resolved": "https://registry.npm.taobao.org/code-point-at/download/code-point-at-1.1.0.tgz",
      "integrity": "sha1-DQcLTQQ6W+ozovGkDi7bPZpMz3c="
    },
    "color": {
      "version": "3.1.2",
      "resolved": "https://registry.npm.taobao.org/color/download/color-3.1.2.tgz",
      "integrity": "sha1-aBSOf4XUGtdknF+oyBBvCY0inhA=",
      "requires": {
        "color-convert": "^1.9.1",
        "color-string": "^1.5.2"
      }
    },
    "color-convert": {
      "version": "1.9.3",
      "resolved": "https://registry.npm.taobao.org/color-convert/download/color-convert-1.9.3.tgz",
      "integrity": "sha1-u3GFBpDh8TZWfeYp0tVHHe2kweg=",
      "requires": {
        "color-name": "1.1.3"
      }
    },
    "color-name": {
      "version": "1.1.3",
      "resolved": "https://registry.npm.taobao.org/color-name/download/color-name-1.1.3.tgz",
      "integrity": "sha1-p9BVi9icQveV3UIyj3QIMcpTvCU="
    },
    "color-string": {
      "version": "1.5.3",
      "resolved": "https://registry.npm.taobao.org/color-string/download/color-string-1.5.3.tgz",
      "integrity": "sha1-ybvF8BtYtUkvPWhXRZy2WQziBMw=",
      "requires": {
        "color-name": "^1.0.0",
        "simple-swizzle": "^0.2.2"
      }
    },
    "combined-stream": {
      "version": "1.0.8",
      "resolved": "https://registry.npm.taobao.org/combined-stream/download/combined-stream-1.0.8.tgz",
      "integrity": "sha1-w9RaizT9cwYxoRCoolIGgrMdWn8=",
      "requires": {
        "delayed-stream": "~1.0.0"
      }
    },
    "console-control-strings": {
      "version": "1.1.0",
      "resolved": "https://registry.npm.taobao.org/console-control-strings/download/console-control-strings-1.1.0.tgz",
      "integrity": "sha1-PXz0Rk22RG6mRL9LOVB/mFEAjo4="
    },
    "core-util-is": {
      "version": "1.0.2",
      "resolved": "https://registry.npm.taobao.org/core-util-is/download/core-util-is-1.0.2.tgz",
      "integrity": "sha1-tf1UIgqivFq1eqtxQMlAdUUDwac="
    },
    "crypt": {
      "version": "0.0.2",
      "resolved": "https://registry.npm.taobao.org/crypt/download/crypt-0.0.2.tgz",
      "integrity": "sha1-iNf/fsDfuG9xPch7u0LQRNPmxBs="
    },
    "dashdash": {
      "version": "1.14.1",
      "resolved": "https://registry.npm.taobao.org/dashdash/download/dashdash-1.14.1.tgz",
      "integrity": "sha1-hTz6D3y+L+1d4gMmuN1YEDX24vA=",
      "requires": {
        "assert-plus": "^1.0.0"
      }
    },
    "decompress-response": {
      "version": "4.2.1",
      "resolved": "https://registry.npm.taobao.org/decompress-response/download/decompress-response-4.2.1.tgz",
      "integrity": "sha1-QUAjzHowLaJc4uyC0NUjjMr9iYY=",
      "requires": {
        "mimic-response": "^2.0.0"
      }
    },
    "deep-extend": {
      "version": "0.6.0",
      "resolved": "https://registry.npm.taobao.org/deep-extend/download/deep-extend-0.6.0.tgz",
      "integrity": "sha1-xPp8lUBKF6nD6Mp+FTcxK3NjMKw="
    },
    "delayed-stream": {
      "version": "1.0.0",
      "resolved": "https://registry.npm.taobao.org/delayed-stream/download/delayed-stream-1.0.0.tgz",
      "integrity": "sha1-3zrhmayt+31ECqrgsp4icrJOxhk="
    },
    "delegates": {
      "version": "1.0.0",
      "resolved": "https://registry.npm.taobao.org/delegates/download/delegates-1.0.0.tgz",
      "integrity": "sha1-hMbhWbgZBP3KWaDvRM2HDTElD5o="
    },
    "detect-libc": {
      "version": "1.0.3",
      "resolved": "https://registry.npm.taobao.org/detect-libc/download/detect-libc-1.0.3.tgz",
      "integrity": "sha1-+hN8S9aY7fVc1c0CrFWfkaTEups="
    },
    "ecc-jsbn": {
      "version": "0.1.2",
      "resolved": "https://registry.npm.taobao.org/ecc-jsbn/download/ecc-jsbn-0.1.2.tgz",
      "integrity": "sha1-OoOpBOVDUyh4dMVkt1SThoSamMk=",
      "requires": {
        "jsbn": "~0.1.0",
        "safer-buffer": "^2.1.0"
      }
    },
    "end-of-stream": {
      "version": "1.4.4",
      "resolved": "https://registry.npm.taobao.org/end-of-stream/download/end-of-stream-1.4.4.tgz",
      "integrity": "sha1-WuZKX0UFe682JuwU2gyl5LJDHrA=",
      "requires": {
        "once": "^1.4.0"
      }
    },
    "expand-template": {
      "version": "2.0.3",
      "resolved": "https://registry.npm.taobao.org/expand-template/download/expand-template-2.0.3.tgz",
      "integrity": "sha1-bhSz/O4POmNA7LV9LokYaSBSpHw="
    },
    "extend": {
      "version": "3.0.2",
      "resolved": "https://registry.npm.taobao.org/extend/download/extend-3.0.2.tgz",
      "integrity": "sha1-+LETa0Bx+9jrFAr/hYsQGewpFfo="
    },
    "extsprintf": {
      "version": "1.3.0",
      "resolved": "https://registry.npm.taobao.org/extsprintf/download/extsprintf-1.3.0.tgz",
      "integrity": "sha1-lpGEQOMEGnpBT4xS48V06zw+HgU="
    },
    "fast-deep-equal": {
      "version": "3.1.1",
      "resolved": "https://registry.npm.taobao.org/fast-deep-equal/download/fast-deep-equal-3.1.1.tgz",
      "integrity": "sha1-VFFFB3xQFJHjOxXsQIwpQ3bpSuQ="
    },
    "fast-json-stable-stringify": {
      "version": "2.1.0",
      "resolved": "https://registry.npm.taobao.org/fast-json-stable-stringify/download/fast-json-stable-stringify-2.1.0.tgz",
      "integrity": "sha1-h0v2nG9ATCtdmcSBNBOZ/VWJJjM="
    },
    "forever-agent": {
      "version": "0.6.1",
      "resolved": "https://registry.npm.taobao.org/forever-agent/download/forever-agent-0.6.1.tgz",
      "integrity": "sha1-+8cfDEGt6zf5bFd60e1C2P2sypE="
    },
    "form-data": {
      "version": "3.0.0",
      "resolved": "https://registry.npm.taobao.org/form-data/download/form-data-3.0.0.tgz",
      "integrity": "sha1-MbfjnIXxNVtxOe4MZHzw3n+DxoI=",
      "requires": {
        "asynckit": "^0.4.0",
        "combined-stream": "^1.0.8",
        "mime-types": "^2.1.12"
      }
    },
    "fs": {
      "version": "0.0.1-security",
      "resolved": "https://registry.npm.taobao.org/fs/download/fs-0.0.1-security.tgz",
      "integrity": "sha1-invTcYa23d84E/I4WLV+yq9eQdQ="
    },
    "fs-constants": {
      "version": "1.0.0",
      "resolved": "https://registry.npm.taobao.org/fs-constants/download/fs-constants-1.0.0.tgz",
      "integrity": "sha1-a+Dem+mYzhavivwkSXue6bfM2a0="
    },
    "fs-minipass": {
      "version": "2.1.0",
      "resolved": "https://registry.npm.taobao.org/fs-minipass/download/fs-minipass-2.1.0.tgz?cache=0&sync_timestamp=1579628584498&other_urls=https%3A%2F%2Fregistry.npm.taobao.org%2Ffs-minipass%2Fdownload%2Ffs-minipass-2.1.0.tgz",
      "integrity": "sha1-f1A2/b8SxjwWkZDL5BmchSJx+fs=",
      "requires": {
        "minipass": "^3.0.0"
      }
    },
    "gauge": {
      "version": "2.7.4",
      "resolved": "https://registry.npm.taobao.org/gauge/download/gauge-2.7.4.tgz",
      "integrity": "sha1-LANAXHU4w51+s3sxcCLjJfsBi/c=",
      "requires": {
        "aproba": "^1.0.3",
        "console-control-strings": "^1.0.0",
        "has-unicode": "^2.0.0",
        "object-assign": "^4.1.0",
        "signal-exit": "^3.0.0",
        "string-width": "^1.0.1",
        "strip-ansi": "^3.0.1",
        "wide-align": "^1.1.0"
      }
    },
    "getpass": {
      "version": "0.1.7",
      "resolved": "https://registry.npm.taobao.org/getpass/download/getpass-0.1.7.tgz",
      "integrity": "sha1-Xv+OPmhNVprkyysSgmBOi6YhSfo=",
      "requires": {
        "assert-plus": "^1.0.0"
      }
    },
    "github-from-package": {
      "version": "0.0.0",
      "resolved": "https://registry.npm.taobao.org/github-from-package/download/github-from-package-0.0.0.tgz",
      "integrity": "sha1-l/tdlr/eiXMxPyDoKI75oWf6ZM4="
    },
    "har-schema": {
      "version": "2.0.0",
      "resolved": "https://registry.npm.taobao.org/har-schema/download/har-schema-2.0.0.tgz",
      "integrity": "sha1-qUwiJOvKwEeCoNkDVSHyRzW37JI="
    },
    "har-validator": {
      "version": "5.1.3",
      "resolved": "https://registry.npm.taobao.org/har-validator/download/har-validator-5.1.3.tgz",
      "integrity": "sha1-HvievT5JllV2de7ZiTEQ3DUPoIA=",
      "requires": {
        "ajv": "^6.5.5",
        "har-schema": "^2.0.0"
      }
    },
    "has-unicode": {
      "version": "2.0.1",
      "resolved": "https://registry.npm.taobao.org/has-unicode/download/has-unicode-2.0.1.tgz",
      "integrity": "sha1-4Ob+aijPUROIVeCG0Wkedx3iqLk="
    },
    "http-signature": {
      "version": "1.2.0",
      "resolved": "https://registry.npm.taobao.org/http-signature/download/http-signature-1.2.0.tgz?cache=0&sync_timestamp=1582587749558&other_urls=https%3A%2F%2Fregistry.npm.taobao.org%2Fhttp-signature%2Fdownload%2Fhttp-signature-1.2.0.tgz",
      "integrity": "sha1-muzZJRFHcvPZW2WmCruPfBj7rOE=",
      "requires": {
        "assert-plus": "^1.0.0",
        "jsprim": "^1.2.2",
        "sshpk": "^1.7.0"
      }
    },
    "inherits": {
      "version": "2.0.4",
      "resolved": "https://registry.npm.taobao.org/inherits/download/inherits-2.0.4.tgz",
      "integrity": "sha1-D6LGT5MpF8NDOg3tVTY6rjdBa3w="
    },
    "ini": {
      "version": "1.3.5",
      "resolved": "https://registry.npm.taobao.org/ini/download/ini-1.3.5.tgz",
      "integrity": "sha1-7uJfVtscnsYIXgwid4CD9Zar+Sc="
    },
    "is-arrayish": {
      "version": "0.3.2",
      "resolved": "https://registry.npm.taobao.org/is-arrayish/download/is-arrayish-0.3.2.tgz",
      "integrity": "sha1-RXSirlb3qyBolvtDHq7tBm/fjwM="
    },
    "is-buffer": {
      "version": "1.1.6",
      "resolved": "https://registry.npm.taobao.org/is-buffer/download/is-buffer-1.1.6.tgz",
      "integrity": "sha1-76ouqdqg16suoTqXsritUf776L4="
    },
    "is-fullwidth-code-point": {
      "version": "1.0.0",
      "resolved": "https://registry.npm.taobao.org/is-fullwidth-code-point/download/is-fullwidth-code-point-1.0.0.tgz",
      "integrity": "sha1-754xOG8DGn8NZDr4L95QxFfvAMs=",
      "requires": {
        "number-is-nan": "^1.0.0"
      }
    },
    "is-typedarray": {
      "version": "1.0.0",
      "resolved": "https://registry.npm.taobao.org/is-typedarray/download/is-typedarray-1.0.0.tgz",
      "integrity": "sha1-5HnICFjfDBsR3dppQPlgEfzaSpo="
    },
    "isarray": {
      "version": "1.0.0",
      "resolved": "https://registry.npm.taobao.org/isarray/download/isarray-1.0.0.tgz",
      "integrity": "sha1-u5NdSFgsuhaMBoNJV6VKPgcSTxE="
    },
    "isstream": {
      "version": "0.1.2",
      "resolved": "https://registry.npm.taobao.org/isstream/download/isstream-0.1.2.tgz",
      "integrity": "sha1-R+Y/evVa+m+S4VAOaQ64uFKcCZo="
    },
    "jsbn": {
      "version": "0.1.1",
      "resolved": "https://registry.npm.taobao.org/jsbn/download/jsbn-0.1.1.tgz",
      "integrity": "sha1-peZUwuWi3rXyAdls77yoDA7y9RM="
    },
    "json-schema": {
      "version": "0.2.3",
      "resolved": "https://registry.npm.taobao.org/json-schema/download/json-schema-0.2.3.tgz",
      "integrity": "sha1-tIDIkuWaLwWVTOcnvT8qTogvnhM="
    },
    "json-schema-traverse": {
      "version": "0.4.1",
      "resolved": "https://registry.npm.taobao.org/json-schema-traverse/download/json-schema-traverse-0.4.1.tgz",
      "integrity": "sha1-afaofZUTq4u4/mO9sJecRI5oRmA="
    },
    "json-stringify-safe": {
      "version": "5.0.1",
      "resolved": "https://registry.npm.taobao.org/json-stringify-safe/download/json-stringify-safe-5.0.1.tgz",
      "integrity": "sha1-Epai1Y/UXxmg9s4B1lcB4sc1tus="
    },
    "jsprim": {
      "version": "1.4.1",
      "resolved": "https://registry.npm.taobao.org/jsprim/download/jsprim-1.4.1.tgz",
      "integrity": "sha1-MT5mvB5cwG5Di8G3SZwuXFastqI=",
      "requires": {
        "assert-plus": "1.0.0",
        "extsprintf": "1.3.0",
        "json-schema": "0.2.3",
        "verror": "1.10.0"
      }
    },
    "md5": {
      "version": "2.2.1",
      "resolved": "https://registry.npm.taobao.org/md5/download/md5-2.2.1.tgz",
      "integrity": "sha1-U6s41f48iJG6RlMp6iP6wFQBJvk=",
      "requires": {
        "charenc": "~0.0.1",
        "crypt": "~0.0.1",
        "is-buffer": "~1.1.1"
      }
    },
    "mime-db": {
      "version": "1.43.0",
      "resolved": "https://registry.npm.taobao.org/mime-db/download/mime-db-1.43.0.tgz",
      "integrity": "sha1-ChLgUCZQ5HPXNVNQUOfI9OtPrlg="
    },
    "mime-types": {
      "version": "2.1.26",
      "resolved": "https://registry.npm.taobao.org/mime-types/download/mime-types-2.1.26.tgz",
      "integrity": "sha1-nJIfwJt+FJpl39wNpNIJlyALCgY=",
      "requires": {
        "mime-db": "1.43.0"
      }
    },
    "mimic-response": {
      "version": "2.1.0",
      "resolved": "https://registry.npm.taobao.org/mimic-response/download/mimic-response-2.1.0.tgz?cache=0&sync_timestamp=1581922421687&other_urls=https%3A%2F%2Fregistry.npm.taobao.org%2Fmimic-response%2Fdownload%2Fmimic-response-2.1.0.tgz",
      "integrity": "sha1-0Tdj019hPQnsN+uzC6wEacDuj0M="
    },
    "minimist": {
      "version": "1.2.0",
      "resolved": "https://registry.npm.taobao.org/minimist/download/minimist-1.2.0.tgz",
      "integrity": "sha1-o1AIsg9BOD7sH7kU9M1d95omQoQ="
    },
    "minipass": {
      "version": "3.1.1",
      "resolved": "https://registry.npm.taobao.org/minipass/download/minipass-3.1.1.tgz",
      "integrity": "sha1-dgfOd4RyoYWtbYkIKqIHD3nO3NU=",
      "requires": {
        "yallist": "^4.0.0"
      }
    },
    "minizlib": {
      "version": "2.1.0",
      "resolved": "https://registry.npm.taobao.org/minizlib/download/minizlib-2.1.0.tgz?cache=0&other_urls=https%3A%2F%2Fregistry.npm.taobao.org%2Fminizlib%2Fdownload%2Fminizlib-2.1.0.tgz",
      "integrity": "sha1-/VLGRTAe8JpjosIJaXwpTGzgLPM=",
      "requires": {
        "minipass": "^3.0.0",
        "yallist": "^4.0.0"
      }
    },
    "mkdirp": {
      "version": "0.5.1",
      "resolved": "https://registry.npm.taobao.org/mkdirp/download/mkdirp-0.5.1.tgz",
      "integrity": "sha1-MAV0OOrGz3+MR2fzhkjWaX11yQM=",
      "requires": {
        "minimist": "0.0.8"
      },
      "dependencies": {
        "minimist": {
          "version": "0.0.8",
          "resolved": "https://registry.npm.taobao.org/minimist/download/minimist-0.0.8.tgz",
          "integrity": "sha1-hX/Kv8M5fSYluCKCYuhqp6ARsF0="
        }
      }
    },
    "nan": {
      "version": "2.14.0",
      "resolved": "https://registry.npm.taobao.org/nan/download/nan-2.14.0.tgz",
      "integrity": "sha1-eBj3IgJ7JFmobwKV1DTR/CM2xSw="
    },
    "napi-build-utils": {
      "version": "1.0.1",
      "resolved": "https://registry.npm.taobao.org/napi-build-utils/download/napi-build-utils-1.0.1.tgz",
      "integrity": "sha1-E4Gg+Sw51mvxmFLnhzQy/CEj5Qg="
    },
    "node-abi": {
      "version": "2.15.0",
      "resolved": "https://registry.npm.taobao.org/node-abi/download/node-abi-2.15.0.tgz",
      "integrity": "sha1-UdVcxxG9nkokpXKs4TuSMZRcyxA=",
      "requires": {
        "semver": "^5.4.1"
      },
      "dependencies": {
        "semver": {
          "version": "5.7.1",
          "resolved": "https://registry.npm.taobao.org/semver/download/semver-5.7.1.tgz",
          "integrity": "sha1-qVT5Ma66UI0we78Gnv8MAclhFvc="
        }
      }
    },
    "node-fetch": {
      "version": "2.1.2",
      "resolved": "https://registry.npm.taobao.org/node-fetch/download/node-fetch-2.1.2.tgz?cache=0&other_urls=https%3A%2F%2Fregistry.npm.taobao.org%2Fnode-fetch%2Fdownload%2Fnode-fetch-2.1.2.tgz",
      "integrity": "sha1-q4hOjn5X44qUR1POxwb3iNF2i7U="
    },
    "noop-logger": {
      "version": "0.1.1",
      "resolved": "https://registry.npm.taobao.org/noop-logger/download/noop-logger-0.1.1.tgz",
      "integrity": "sha1-lKKxYzxPExdVMAfYlm/Q6EG2pMI="
    },
    "npmlog": {
      "version": "4.1.2",
      "resolved": "https://registry.npm.taobao.org/npmlog/download/npmlog-4.1.2.tgz",
      "integrity": "sha1-CKfyqL9zRgR3mp76StXMcXq7lUs=",
      "requires": {
        "are-we-there-yet": "~1.1.2",
        "console-control-strings": "~1.1.0",
        "gauge": "~2.7.3",
        "set-blocking": "~2.0.0"
      }
    },
    "number-is-nan": {
      "version": "1.0.1",
      "resolved": "https://registry.npm.taobao.org/number-is-nan/download/number-is-nan-1.0.1.tgz?cache=0&sync_timestamp=1581061562193&other_urls=https%3A%2F%2Fregistry.npm.taobao.org%2Fnumber-is-nan%2Fdownload%2Fnumber-is-nan-1.0.1.tgz",
      "integrity": "sha1-CXtgK1NCKlIsGvuHkDGDNpQaAR0="
    },
    "oauth-sign": {
      "version": "0.9.0",
      "resolved": "https://registry.npm.taobao.org/oauth-sign/download/oauth-sign-0.9.0.tgz",
      "integrity": "sha1-R6ewFrqmi1+g7PPe4IqFxnmsZFU="
    },
    "object-assign": {
      "version": "4.1.1",
      "resolved": "https://registry.npm.taobao.org/object-assign/download/object-assign-4.1.1.tgz",
      "integrity": "sha1-IQmtx5ZYh8/AXLvUQsrIv7s2CGM="
    },
    "once": {
      "version": "1.4.0",
      "resolved": "https://registry.npm.taobao.org/once/download/once-1.4.0.tgz",
      "integrity": "sha1-WDsap3WWHUsROsF9nFC6753Xa9E=",
      "requires": {
        "wrappy": "1"
      }
    },
    "performance-now": {
      "version": "2.1.0",
      "resolved": "https://registry.npm.taobao.org/performance-now/download/performance-now-2.1.0.tgz",
      "integrity": "sha1-Ywn04OX6kT7BxpMHrjZLSzd8nns="
    },
    "prebuild-install": {
      "version": "5.3.3",
      "resolved": "https://registry.npm.taobao.org/prebuild-install/download/prebuild-install-5.3.3.tgz",
      "integrity": "sha1-70BSuqxg1GX1umvwA8nB3nm52o4=",
      "requires": {
        "detect-libc": "^1.0.3",
        "expand-template": "^2.0.3",
        "github-from-package": "0.0.0",
        "minimist": "^1.2.0",
        "mkdirp": "^0.5.1",
        "napi-build-utils": "^1.0.1",
        "node-abi": "^2.7.0",
        "noop-logger": "^0.1.1",
        "npmlog": "^4.0.1",
        "pump": "^3.0.0",
        "rc": "^1.2.7",
        "simple-get": "^3.0.3",
        "tar-fs": "^2.0.0",
        "tunnel-agent": "^0.6.0",
        "which-pm-runs": "^1.0.0"
      }
    },
    "process-nextick-args": {
      "version": "2.0.1",
      "resolved": "https://registry.npm.taobao.org/process-nextick-args/download/process-nextick-args-2.0.1.tgz",
      "integrity": "sha1-eCDZsWEgzFXKmud5JoCufbptf+I="
    },
    "psl": {
      "version": "1.7.0",
      "resolved": "https://registry.npm.taobao.org/psl/download/psl-1.7.0.tgz",
      "integrity": "sha1-8cTEeo75cWfepda79IFtc26ISjw="
    },
    "pump": {
      "version": "3.0.0",
      "resolved": "https://registry.npm.taobao.org/pump/download/pump-3.0.0.tgz",
      "integrity": "sha1-tKIRaBW94vTh6mAjVOjHVWUQemQ=",
      "requires": {
        "end-of-stream": "^1.1.0",
        "once": "^1.3.1"
      }
    },
    "punycode": {
      "version": "2.1.1",
      "resolved": "https://registry.npm.taobao.org/punycode/download/punycode-2.1.1.tgz",
      "integrity": "sha1-tYsBCsQMIsVldhbI0sLALHv0eew="
    },
    "qs": {
      "version": "6.5.2",
      "resolved": "https://registry.npm.taobao.org/qs/download/qs-6.5.2.tgz",
      "integrity": "sha1-yzroBuh0BERYTvFUzo7pjUA/PjY="
    },
    "rc": {
      "version": "1.2.8",
      "resolved": "https://registry.npm.taobao.org/rc/download/rc-1.2.8.tgz",
      "integrity": "sha1-zZJL9SAKB1uDwYjNa54hG3/A0+0=",
      "requires": {
        "deep-extend": "^0.6.0",
        "ini": "~1.3.0",
        "minimist": "^1.2.0",
        "strip-json-comments": "~2.0.1"
      }
    },
    "readable-stream": {
      "version": "2.3.7",
      "resolved": "https://registry.npm.taobao.org/readable-stream/download/readable-stream-2.3.7.tgz",
      "integrity": "sha1-Hsoc9xGu+BTAT2IlKjamL2yyO1c=",
      "requires": {
        "core-util-is": "~1.0.0",
        "inherits": "~2.0.3",
        "isarray": "~1.0.0",
        "process-nextick-args": "~2.0.0",
        "safe-buffer": "~5.1.1",
        "string_decoder": "~1.1.1",
        "util-deprecate": "~1.0.1"
      }
    },
    "request": {
      "version": "2.88.2",
      "resolved": "https://registry.npm.taobao.org/request/download/request-2.88.2.tgz?cache=0&sync_timestamp=1581439006948&other_urls=https%3A%2F%2Fregistry.npm.taobao.org%2Frequest%2Fdownload%2Frequest-2.88.2.tgz",
      "integrity": "sha1-1zyRhzHLWofaBH4gcjQUb2ZNErM=",
      "requires": {
        "aws-sign2": "~0.7.0",
        "aws4": "^1.8.0",
        "caseless": "~0.12.0",
        "combined-stream": "~1.0.6",
        "extend": "~3.0.2",
        "forever-agent": "~0.6.1",
        "form-data": "~2.3.2",
        "har-validator": "~5.1.3",
        "http-signature": "~1.2.0",
        "is-typedarray": "~1.0.0",
        "isstream": "~0.1.2",
        "json-stringify-safe": "~5.0.1",
        "mime-types": "~2.1.19",
        "oauth-sign": "~0.9.0",
        "performance-now": "^2.1.0",
        "qs": "~6.5.2",
        "safe-buffer": "^5.1.2",
        "tough-cookie": "~2.5.0",
        "tunnel-agent": "^0.6.0",
        "uuid": "^3.3.2"
      },
      "dependencies": {
        "form-data": {
          "version": "2.3.3",
          "resolved": "https://registry.npm.taobao.org/form-data/download/form-data-2.3.3.tgz",
          "integrity": "sha1-3M5SwF9kTymManq5Nr1yTO/786Y=",
          "requires": {
            "asynckit": "^0.4.0",
            "combined-stream": "^1.0.6",
            "mime-types": "^2.1.12"
          }
        }
      }
    },
    "safe-buffer": {
      "version": "5.1.2",
      "resolved": "https://registry.npm.taobao.org/safe-buffer/download/safe-buffer-5.1.2.tgz",
      "integrity": "sha1-mR7GnSluAxN0fVm9/St0XDX4go0="
    },
    "safer-buffer": {
      "version": "2.1.2",
      "resolved": "https://registry.npm.taobao.org/safer-buffer/download/safer-buffer-2.1.2.tgz",
      "integrity": "sha1-RPoWGwGHuVSd2Eu5GAL5vYOFzWo="
    },
    "seedrandom": {
      "version": "2.4.3",
      "resolved": "https://registry.npm.taobao.org/seedrandom/download/seedrandom-2.4.3.tgz",
      "integrity": "sha1-JDhQTa0zkXMUv/GKxNeU8W1qrsw="
    },
    "semver": {
      "version": "7.1.3",
      "resolved": "https://registry.npm.taobao.org/semver/download/semver-7.1.3.tgz",
      "integrity": "sha1-5DRc5zBxxT8zZEXPwZ77HDEd8qY="
    },
    "set-blocking": {
      "version": "2.0.0",
      "resolved": "https://registry.npm.taobao.org/set-blocking/download/set-blocking-2.0.0.tgz",
      "integrity": "sha1-BF+XgtARrppoA93TgrJDkrPYkPc="
    },
    "sharp": {
      "version": "0.24.1",
      "resolved": "https://registry.npm.taobao.org/sharp/download/sharp-0.24.1.tgz",
      "integrity": "sha1-+FP59JXf3gXUUhebT58x38QA9Mo=",
      "requires": {
        "color": "^3.1.2",
        "detect-libc": "^1.0.3",
        "nan": "^2.14.0",
        "npmlog": "^4.1.2",
        "prebuild-install": "^5.3.3",
        "semver": "^7.1.3",
        "simple-get": "^3.1.0",
        "tar": "^6.0.1",
        "tunnel-agent": "^0.6.0"
      }
    },
    "signal-exit": {
      "version": "3.0.2",
      "resolved": "https://registry.npm.taobao.org/signal-exit/download/signal-exit-3.0.2.tgz",
      "integrity": "sha1-tf3AjxKH6hF4Yo5BXiUTK3NkbG0="
    },
    "simple-concat": {
      "version": "1.0.0",
      "resolved": "https://registry.npm.taobao.org/simple-concat/download/simple-concat-1.0.0.tgz",
      "integrity": "sha1-c0TLuLbib7J9ZrL8hvn21Zl1IcY="
    },
    "simple-get": {
      "version": "3.1.0",
      "resolved": "https://registry.npm.taobao.org/simple-get/download/simple-get-3.1.0.tgz",
      "integrity": "sha1-tFvgYkNeUNFZVAtXYgLO7EC5xrM=",
      "requires": {
        "decompress-response": "^4.2.0",
        "once": "^1.3.1",
        "simple-concat": "^1.0.0"
      }
    },
    "simple-swizzle": {
      "version": "0.2.2",
      "resolved": "https://registry.npm.taobao.org/simple-swizzle/download/simple-swizzle-0.2.2.tgz",
      "integrity": "sha1-pNprY1/8zMoz9w0Xy5JZLeleVXo=",
      "requires": {
        "is-arrayish": "^0.3.1"
      }
    },
    "sshpk": {
      "version": "1.16.1",
      "resolved": "https://registry.npm.taobao.org/sshpk/download/sshpk-1.16.1.tgz",
      "integrity": "sha1-+2YcC+8ps520B2nuOfpwCT1vaHc=",
      "requires": {
        "asn1": "~0.2.3",
        "assert-plus": "^1.0.0",
        "bcrypt-pbkdf": "^1.0.0",
        "dashdash": "^1.12.0",
        "ecc-jsbn": "~0.1.1",
        "getpass": "^0.1.1",
        "jsbn": "~0.1.0",
        "safer-buffer": "^2.0.2",
        "tweetnacl": "~0.14.0"
      }
    },
    "string-width": {
      "version": "1.0.2",
      "resolved": "https://registry.npm.taobao.org/string-width/download/string-width-1.0.2.tgz",
      "integrity": "sha1-EYvfW4zcUaKn5w0hHgfisLmxB9M=",
      "requires": {
        "code-point-at": "^1.0.0",
        "is-fullwidth-code-point": "^1.0.0",
        "strip-ansi": "^3.0.0"
      }
    },
    "string_decoder": {
      "version": "1.1.1",
      "resolved": "https://registry.npm.taobao.org/string_decoder/download/string_decoder-1.1.1.tgz",
      "integrity": "sha1-nPFhG6YmhdcDCunkujQUnDrwP8g=",
      "requires": {
        "safe-buffer": "~5.1.0"
      }
    },
    "strip-ansi": {
      "version": "3.0.1",
      "resolved": "https://registry.npm.taobao.org/strip-ansi/download/strip-ansi-3.0.1.tgz?cache=0&sync_timestamp=1573280549549&other_urls=https%3A%2F%2Fregistry.npm.taobao.org%2Fstrip-ansi%2Fdownload%2Fstrip-ansi-3.0.1.tgz",
      "integrity": "sha1-ajhfuIU9lS1f8F0Oiq+UJ43GPc8=",
      "requires": {
        "ansi-regex": "^2.0.0"
      }
    },
    "strip-json-comments": {
      "version": "2.0.1",
      "resolved": "https://registry.npm.taobao.org/strip-json-comments/download/strip-json-comments-2.0.1.tgz",
      "integrity": "sha1-PFMZQukIwml8DsNEhYwobHygpgo="
    },
    "tar": {
      "version": "6.0.1",
      "resolved": "https://registry.npm.taobao.org/tar/download/tar-6.0.1.tgz",
      "integrity": "sha1-ezvWwxPLbgFTdwEI+NcKwphgfvo=",
      "requires": {
        "chownr": "^1.1.3",
        "fs-minipass": "^2.0.0",
        "minipass": "^3.0.0",
        "minizlib": "^2.1.0",
        "mkdirp": "^1.0.3",
        "yallist": "^4.0.0"
      },
      "dependencies": {
        "mkdirp": {
          "version": "1.0.3",
          "resolved": "https://registry.npm.taobao.org/mkdirp/download/mkdirp-1.0.3.tgz",
          "integrity": "sha1-TPLjCtRZWd3epTrZfVGLbIIF4eo="
        }
      }
    },
    "tar-fs": {
      "version": "2.0.0",
      "resolved": "https://registry.npm.taobao.org/tar-fs/download/tar-fs-2.0.0.tgz",
      "integrity": "sha1-Z3cA/AyLM3p4vuNiP9wjXyHXr60=",
      "requires": {
        "chownr": "^1.1.1",
        "mkdirp": "^0.5.1",
        "pump": "^3.0.0",
        "tar-stream": "^2.0.0"
      }
    },
    "tar-stream": {
      "version": "2.1.0",
      "resolved": "https://registry.npm.taobao.org/tar-stream/download/tar-stream-2.1.0.tgz",
      "integrity": "sha1-0aqjZh8Fs4tazJtwIO/cpReaLMM=",
      "requires": {
        "bl": "^3.0.0",
        "end-of-stream": "^1.4.1",
        "fs-constants": "^1.0.0",
        "inherits": "^2.0.3",
        "readable-stream": "^3.1.1"
      },
      "dependencies": {
        "readable-stream": {
          "version": "3.6.0",
          "resolved": "https://registry.npm.taobao.org/readable-stream/download/readable-stream-3.6.0.tgz",
          "integrity": "sha1-M3u9o63AcGvT4CRCaihtS0sskZg=",
          "requires": {
            "inherits": "^2.0.3",
            "string_decoder": "^1.1.1",
            "util-deprecate": "^1.0.1"
          }
        }
      }
    },
    "tough-cookie": {
      "version": "2.5.0",
      "resolved": "https://registry.npm.taobao.org/tough-cookie/download/tough-cookie-2.5.0.tgz",
      "integrity": "sha1-zZ+yoKodWhK0c72fuW+j3P9lreI=",
      "requires": {
        "psl": "^1.1.28",
        "punycode": "^2.1.1"
      }
    },
    "tunnel-agent": {
      "version": "0.6.0",
      "resolved": "https://registry.npm.taobao.org/tunnel-agent/download/tunnel-agent-0.6.0.tgz",
      "integrity": "sha1-J6XeoGs2sEoKmWZ3SykIaPD8QP0=",
      "requires": {
        "safe-buffer": "^5.0.1"
      }
    },
    "tweetnacl": {
      "version": "0.14.5",
      "resolved": "https://registry.npm.taobao.org/tweetnacl/download/tweetnacl-0.14.5.tgz?cache=0&sync_timestamp=1581364304221&other_urls=https%3A%2F%2Fregistry.npm.taobao.org%2Ftweetnacl%2Fdownload%2Ftweetnacl-0.14.5.tgz",
      "integrity": "sha1-WuaBd/GS1EViadEIr6k/+HQ/T2Q="
    },
    "uri-js": {
      "version": "4.2.2",
      "resolved": "https://registry.npm.taobao.org/uri-js/download/uri-js-4.2.2.tgz",
      "integrity": "sha1-lMVA4f93KVbiKZUHwBCupsiDjrA=",
      "requires": {
        "punycode": "^2.1.0"
      }
    },
    "util-deprecate": {
      "version": "1.0.2",
      "resolved": "https://registry.npm.taobao.org/util-deprecate/download/util-deprecate-1.0.2.tgz",
      "integrity": "sha1-RQ1Nyfpw3nMnYvvS1KKJgUGaDM8="
    },
    "uuid": {
      "version": "3.4.0",
      "resolved": "https://registry.npm.taobao.org/uuid/download/uuid-3.4.0.tgz",
      "integrity": "sha1-sj5DWK+oogL+ehAK8fX4g/AgB+4="
    },
    "verror": {
      "version": "1.10.0",
      "resolved": "https://registry.npm.taobao.org/verror/download/verror-1.10.0.tgz",
      "integrity": "sha1-OhBcoXBTr1XW4nDB+CiGguGNpAA=",
      "requires": {
        "assert-plus": "^1.0.0",
        "core-util-is": "1.0.2",
        "extsprintf": "^1.2.0"
      }
    },
    "which-pm-runs": {
      "version": "1.0.0",
      "resolved": "https://registry.npm.taobao.org/which-pm-runs/download/which-pm-runs-1.0.0.tgz",
      "integrity": "sha1-Zws6+8VS4LVd9rd4DKdGFfI60cs="
    },
    "wide-align": {
      "version": "1.1.3",
      "resolved": "https://registry.npm.taobao.org/wide-align/download/wide-align-1.1.3.tgz",
      "integrity": "sha1-rgdOa9wMFKQx6ATmJFScYzsABFc=",
      "requires": {
        "string-width": "^1.0.2 || 2"
      }
    },
    "wrappy": {
      "version": "1.0.2",
      "resolved": "https://registry.npm.taobao.org/wrappy/download/wrappy-1.0.2.tgz",
      "integrity": "sha1-tSQ9jz7BqjXxNkYFvA0QNuMKtp8="
    },
    "yallist": {
      "version": "4.0.0",
      "resolved": "https://registry.npm.taobao.org/yallist/download/yallist-4.0.0.tgz?cache=0&other_urls=https%3A%2F%2Fregistry.npm.taobao.org%2Fyallist%2Fdownload%2Fyallist-4.0.0.tgz",
      "integrity": "sha1-m7knkNnA7/7GO+c1GeEaNQGaOnI="
    }
  }
}
